
Microsoft Visual Studio Solution File, Format Version 12.00
# Visual Studio Version 16
VisualStudioVersion = 16.0.29609.76
MinimumVisualStudioVersion = 10.0.40219.1
Project("{FAE04EC0-301F-11D3-BF4B-00C04F79EFBC}") = "STV_CADTOOLS", "STV_CADTOOLS\STV_CADTOOLS.csproj", "{0C041006-2CB3-4FE6-AA90-1588405CFE33}"
EndProject
Global
	GlobalSection(SolutionConfigurationPlatforms) = preSolution
		Debug|Any CPU = Debug|Any CPU
		Release|Any CPU = Release|Any CPU
	EndGlobalSection
	GlobalSection(ProjectConfigurationPlatforms) = postSolution
		{0C041006-2CB3-4FE6-AA90-1588405CFE33}.Debug|Any CPU.ActiveCfg = Debug|Any CPU
		{0C041006-2CB3-4FE6-AA90-1588405CFE33}.Debug|Any CPU.Build.0 = Debug|Any CPU
		{0C041006-2CB3-4FE6-AA90-1588405CFE33}.Release|Any CPU.ActiveCfg = Release|Any CPU
		{0C041006-2CB3-4FE6-AA90-1588405CFE33}.Release|Any CPU.Build.0 = Release|Any CPU
	EndGlobalSection
	GlobalSection(SolutionProperties) = preSolution
		HideSolutionNode = FALSE
	EndGlobalSection
	GlobalSection(ExtensibilityGlobals) = postSolution
		SolutionGuid = {F7496726-D309-4106-9B3E-3E13C194E0CD}
	EndGlobalSection
EndGlobal
